
Microsoft Visual Studio Solution File, Format Version 12.00
# Visual Studio Version 17
VisualStudioVersion = 17.0.31903.59
MinimumVisualStudioVersion = 10.0.40219.1
Project("{FAE04EC0-301F-11D3-BF4B-00C04F79EFBC}") = "Task 1", "Task 1\Task 1.csproj", "{5DF3BD15-1509-4C79-93D1-F77279DA4BC7}"
EndProject
Project("{FAE04EC0-301F-11D3-BF4B-00C04F79EFBC}") = "Task 2", "Task 2\Task 2.csproj", "{DD24ADA1-F3A2-40DC-8350-961B0FF5792A}"
EndProject
Project("{FAE04EC0-301F-11D3-BF4B-00C04F79EFBC}") = "Task 3", "Task 3\Task 3.csproj", "{C779AB1D-3A3B-4C72-99E5-7FB01BEC5108}"
EndProject
Project("{FAE04EC0-301F-11D3-BF4B-00C04F79EFBC}") = "Task 4", "Task 4\Task 4.csproj", "{819ED69A-C10F-4F42-8BC6-73D9A0FA82BD}"
EndProject
Project("{FAE04EC0-301F-11D3-BF4B-00C04F79EFBC}") = "Task 5", "Task 5\Task 5.csproj", "{80F1EA59-8517-484E-AE65-E71B78700709}"
EndProject
Project("{FAE04EC0-301F-11D3-BF4B-00C04F79EFBC}") = "Task 6", "Task 6\Task 6.csproj", "{4E85AC1A-16F4-44A5-80A4-0AA1606DA632}"
EndProject
Global
	GlobalSection(SolutionConfigurationPlatforms) = preSolution
		Debug|Any CPU = Debug|Any CPU
		Debug|x64 = Debug|x64
		Debug|x86 = Debug|x86
		Release|Any CPU = Release|Any CPU
		Release|x64 = Release|x64
		Release|x86 = Release|x86
	EndGlobalSection
	GlobalSection(ProjectConfigurationPlatforms) = postSolution
		{5DF3BD15-1509-4C79-93D1-F77279DA4BC7}.Debug|Any CPU.ActiveCfg = Debug|Any CPU
		{5DF3BD15-1509-4C79-93D1-F77279DA4BC7}.Debug|Any CPU.Build.0 = Debug|Any CPU
		{5DF3BD15-1509-4C79-93D1-F77279DA4BC7}.Debug|x64.ActiveCfg = Debug|Any CPU
		{5DF3BD15-1509-4C79-93D1-F77279DA4BC7}.Debug|x64.Build.0 = Debug|Any CPU
		{5DF3BD15-1509-4C79-93D1-F77279DA4BC7}.Debug|x86.ActiveCfg = Debug|Any CPU
		{5DF3BD15-1509-4C79-93D1-F77279DA4BC7}.Debug|x86.Build.0 = Debug|Any CPU
		{5DF3BD15-1509-4C79-93D1-F77279DA4BC7}.Release|Any CPU.ActiveCfg = Release|Any CPU
		{5DF3BD15-1509-4C79-93D1-F77279DA4BC7}.Release|Any CPU.Build.0 = Release|Any CPU
		{5DF3BD15-1509-4C79-93D1-F77279DA4BC7}.Release|x64.ActiveCfg = Release|Any CPU
		{5DF3BD15-1509-4C79-93D1-F77279DA4BC7}.Release|x64.Build.0 = Release|Any CPU
		{5DF3BD15-1509-4C79-93D1-F77279DA4BC7}.Release|x86.ActiveCfg = Release|Any CPU
		{5DF3BD15-1509-4C79-93D1-F77279DA4BC7}.Release|x86.Build.0 = Release|Any CPU
		{DD24ADA1-F3A2-40DC-8350-961B0FF5792A}.Debug|Any CPU.ActiveCfg = Debug|Any CPU
		{DD24ADA1-F3A2-40DC-8350-961B0FF5792A}.Debug|Any CPU.Build.0 = Debug|Any CPU
		{DD24ADA1-F3A2-40DC-8350-961B0FF5792A}.Debug|x64.ActiveCfg = Debug|Any CPU
		{DD24ADA1-F3A2-40DC-8350-961B0FF5792A}.Debug|x64.Build.0 = Debug|Any CPU
		{DD24ADA1-F3A2-40DC-8350-961B0FF5792A}.Debug|x86.ActiveCfg = Debug|Any CPU
		{DD24ADA1-F3A2-40DC-8350-961B0FF5792A}.Debug|x86.Build.0 = Debug|Any CPU
		{DD24ADA1-F3A2-40DC-8350-961B0FF5792A}.Release|Any CPU.ActiveCfg = Release|Any CPU
		{DD24ADA1-F3A2-40DC-8350-961B0FF5792A}.Release|Any CPU.Build.0 = Release|Any CPU
		{DD24ADA1-F3A2-40DC-8350-961B0FF5792A}.Release|x64.ActiveCfg = Release|Any CPU
		{DD24ADA1-F3A2-40DC-8350-961B0FF5792A}.Release|x64.Build.0 = Release|Any CPU
		{DD24ADA1-F3A2-40DC-8350-961B0FF5792A}.Release|x86.ActiveCfg = Release|Any CPU
		{DD24ADA1-F3A2-40DC-8350-961B0FF5792A}.Release|x86.Build.0 = Release|Any CPU
		{C779AB1D-3A3B-4C72-99E5-7FB01BEC5108}.Debug|Any CPU.ActiveCfg = Debug|Any CPU
		{C779AB1D-3A3B-4C72-99E5-7FB01BEC5108}.Debug|Any CPU.Build.0 = Debug|Any CPU
		{C779AB1D-3A3B-4C72-99E5-7FB01BEC5108}.Debug|x64.ActiveCfg = Debug|Any CPU
		{C779AB1D-3A3B-4C72-99E5-7FB01BEC5108}.Debug|x64.Build.0 = Debug|Any CPU
		{C779AB1D-3A3B-4C72-99E5-7FB01BEC5108}.Debug|x86.ActiveCfg = Debug|Any CPU
		{C779AB1D-3A3B-4C72-99E5-7FB01BEC5108}.Debug|x86.Build.0 = Debug|Any CPU
		{C779AB1D-3A3B-4C72-99E5-7FB01BEC5108}.Release|Any CPU.ActiveCfg = Release|Any CPU
		{C779AB1D-3A3B-4C72-99E5-7FB01BEC5108}.Release|Any CPU.Build.0 = Release|Any CPU
		{C779AB1D-3A3B-4C72-99E5-7FB01BEC5108}.Release|x64.ActiveCfg = Release|Any CPU
		{C779AB1D-3A3B-4C72-99E5-7FB01BEC5108}.Release|x64.Build.0 = Release|Any CPU
		{C779AB1D-3A3B-4C72-99E5-7FB01BEC5108}.Release|x86.ActiveCfg = Release|Any CPU
		{C779AB1D-3A3B-4C72-99E5-7FB01BEC5108}.Release|x86.Build.0 = Release|Any CPU
		{819ED69A-C10F-4F42-8BC6-73D9A0FA82BD}.Debug|Any CPU.ActiveCfg = Debug|Any CPU
		{819ED69A-C10F-4F42-8BC6-73D9A0FA82BD}.Debug|Any CPU.Build.0 = Debug|Any CPU
		{819ED69A-C10F-4F42-8BC6-73D9A0FA82BD}.Debug|x64.ActiveCfg = Debug|Any CPU
		{819ED69A-C10F-4F42-8BC6-73D9A0FA82BD}.Debug|x64.Build.0 = Debug|Any CPU
		{819ED69A-C10F-4F42-8BC6-73D9A0FA82BD}.Debug|x86.ActiveCfg = Debug|Any CPU
		{819ED69A-C10F-4F42-8BC6-73D9A0FA82BD}.Debug|x86.Build.0 = Debug|Any CPU
		{819ED69A-C10F-4F42-8BC6-73D9A0FA82BD}.Release|Any CPU.ActiveCfg = Release|Any CPU
		{819ED69A-C10F-4F42-8BC6-73D9A0FA82BD}.Release|Any CPU.Build.0 = Release|Any CPU
		{819ED69A-C10F-4F42-8BC6-73D9A0FA82BD}.Release|x64.ActiveCfg = Release|Any CPU
		{819ED69A-C10F-4F42-8BC6-73D9A0FA82BD}.Release|x64.Build.0 = Release|Any CPU
		{819ED69A-C10F-4F42-8BC6-73D9A0FA82BD}.Release|x86.ActiveCfg = Release|Any CPU
		{819ED69A-C10F-4F42-8BC6-73D9A0FA82BD}.Release|x86.Build.0 = Release|Any CPU
		{80F1EA59-8517-484E-AE65-E71B78700709}.Debug|Any CPU.ActiveCfg = Debug|Any CPU
		{80F1EA59-8517-484E-AE65-E71B78700709}.Debug|Any CPU.Build.0 = Debug|Any CPU
		{80F1EA59-8517-484E-AE65-E71B78700709}.Debug|x64.ActiveCfg = Debug|Any CPU
		{80F1EA59-8517-484E-AE65-E71B78700709}.Debug|x64.Build.0 = Debug|Any CPU
		{80F1EA59-8517-484E-AE65-E71B78700709}.Debug|x86.ActiveCfg = Debug|Any CPU
		{80F1EA59-8517-484E-AE65-E71B78700709}.Debug|x86.Build.0 = Debug|Any CPU
		{80F1EA59-8517-484E-AE65-E71B78700709}.Release|Any CPU.ActiveCfg = Release|Any CPU
		{80F1EA59-8517-484E-AE65-E71B78700709}.Release|Any CPU.Build.0 = Release|Any CPU
		{80F1EA59-8517-484E-AE65-E71B78700709}.Release|x64.ActiveCfg = Release|Any CPU
		{80F1EA59-8517-484E-AE65-E71B78700709}.Release|x64.Build.0 = Release|Any CPU
		{80F1EA59-8517-484E-AE65-E71B78700709}.Release|x86.ActiveCfg = Release|Any CPU
		{80F1EA59-8517-484E-AE65-E71B78700709}.Release|x86.Build.0 = Release|Any CPU
		{4E85AC1A-16F4-44A5-80A4-0AA1606DA632}.Debug|Any CPU.ActiveCfg = Debug|Any CPU
		{4E85AC1A-16F4-44A5-80A4-0AA1606DA632}.Debug|Any CPU.Build.0 = Debug|Any CPU
		{4E85AC1A-16F4-44A5-80A4-0AA1606DA632}.Debug|x64.ActiveCfg = Debug|Any CPU
		{4E85AC1A-16F4-44A5-80A4-0AA1606DA632}.Debug|x64.Build.0 = Debug|Any CPU
		{4E85AC1A-16F4-44A5-80A4-0AA1606DA632}.Debug|x86.ActiveCfg = Debug|Any CPU
		{4E85AC1A-16F4-44A5-80A4-0AA1606DA632}.Debug|x86.Build.0 = Debug|Any CPU
		{4E85AC1A-16F4-44A5-80A4-0AA1606DA632}.Release|Any CPU.ActiveCfg = Release|Any CPU
		{4E85AC1A-16F4-44A5-80A4-0AA1606DA632}.Release|Any CPU.Build.0 = Release|Any CPU
		{4E85AC1A-16F4-44A5-80A4-0AA1606DA632}.Release|x64.ActiveCfg = Release|Any CPU
		{4E85AC1A-16F4-44A5-80A4-0AA1606DA632}.Release|x64.Build.0 = Release|Any CPU
		{4E85AC1A-16F4-44A5-80A4-0AA1606DA632}.Release|x86.ActiveCfg = Release|Any CPU
		{4E85AC1A-16F4-44A5-80A4-0AA1606DA632}.Release|x86.Build.0 = Release|Any CPU
	EndGlobalSection
	GlobalSection(SolutionProperties) = preSolution
		HideSolutionNode = FALSE
	EndGlobalSection
EndGlobal
